// !$*UTF8*$!
{
	archiveVersion = 1;
	classes = {
	};
	objectVersion = 50;
	objects = {

/* Begin PBXBuildFile section */
		04389C396E0CB627397E68D1 /* libPods-exercise.a in Frameworks */ = {isa = PBXBuildFile; fileRef = 0DBBE1531593FFC041372F2B /* libPods-exercise.a */; };
		814229CE2639BD770032C4AA /* AppDelegate.swift in Sources */ = {isa = PBXBuildFile; fileRef = 814229CD2639BD770032C4AA /* AppDelegate.swift */; };
		814229D02639BD770032C4AA /* SceneDelegate.swift in Sources */ = {isa = PBXBuildFile; fileRef = 814229CF2639BD770032C4AA /* SceneDelegate.swift */; };
		814229D72639BD770032C4AA /* Assets.xcassets in Resources */ = {isa = PBXBuildFile; fileRef = 814229D62639BD770032C4AA /* Assets.xcassets */; };
		814229DA2639BD770032C4AA /* LaunchScreen.storyboard in Resources */ = {isa = PBXBuildFile; fileRef = 814229D82639BD770032C4AA /* LaunchScreen.storyboard */; };
		814229E72639BDDC0032C4AA /* HomeViewController.swift in Sources */ = {isa = PBXBuildFile; fileRef = 814229E52639BDDC0032C4AA /* HomeViewController.swift */; };
		814229E82639BDDC0032C4AA /* HomeViewController.xib in Resources */ = {isa = PBXBuildFile; fileRef = 814229E62639BDDC0032C4AA /* HomeViewController.xib */; };
/* End PBXBuildFile section */

/* Begin PBXFileReference section */
		0DBBE1531593FFC041372F2B /* libPods-exercise.a */ = {isa = PBXFileReference; explicitFileType = archive.ar; includeInIndex = 0; path = "libPods-exercise.a"; sourceTree = BUILT_PRODUCTS_DIR; };
		814229CA2639BD770032C4AA /* exercise.app */ = {isa = PBXFileReference; explicitFileType = wrapper.application; includeInIndex = 0; path = exercise.app; sourceTree = BUILT_PRODUCTS_DIR; };
		814229CD2639BD770032C4AA /* AppDelegate.swift */ = {isa = PBXFileReference; lastKnownFileType = sourcecode.swift; path = AppDelegate.swift; sourceTree = "<group>"; };
		814229CF2639BD770032C4AA /* SceneDelegate.swift */ = {isa = PBXFileReference; lastKnownFileType = sourcecode.swift; path = SceneDelegate.swift; sourceTree = "<group>"; };
		814229D62639BD770032C4AA /* Assets.xcassets */ = {isa = PBXFileReference; lastKnownFileType = folder.assetcatalog; path = Assets.xcassets; sourceTree = "<group>"; };
		814229D92639BD770032C4AA /* Base */ = {isa = PBXFileReference; lastKnownFileType = file.storyboard; name = Base; path = Base.lproj/LaunchScreen.storyboard; sourceTree = "<group>"; };
		814229DB2639BD770032C4AA /* Info.plist */ = {isa = PBXFileReference; lastKnownFileType = text.plist.xml; path = Info.plist; sourceTree = "<group>"; };
		814229E52639BDDC0032C4AA /* HomeViewController.swift */ = {isa = PBXFileReference; lastKnownFileType = sourcecode.swift; path = HomeViewController.swift; sourceTree = "<group>"; };
		814229E62639BDDC0032C4AA /* HomeViewController.xib */ = {isa = PBXFileReference; lastKnownFileType = file.xib; path = HomeViewController.xib; sourceTree = "<group>"; };
		8B6D45B3852DF049A6435590 /* Pods-exercise.release.xcconfig */ = {isa = PBXFileReference; includeInIndex = 1; lastKnownFileType = text.xcconfig; name = "Pods-exercise.release.xcconfig"; path = "Target Support Files/Pods-exercise/Pods-exercise.release.xcconfig"; sourceTree = "<group>"; };
		B1BFB29695C85C9804CA1437 /* Pods-exercise.debug.xcconfig */ = {isa = PBXFileReference; includeInIndex = 1; lastKnownFileType = text.xcconfig; name = "Pods-exercise.debug.xcconfig"; path = "Target Support Files/Pods-exercise/Pods-exercise.debug.xcconfig"; sourceTree = "<group>"; };
/* End PBXFileReference section */

/* Begin PBXFrameworksBuildPhase section */
		814229C72639BD770032C4AA /* Frameworks */ = {
			isa = PBXFrameworksBuildPhase;
			buildActionMask = 2147483647;
			files = (
				04389C396E0CB627397E68D1 /* libPods-exercise.a in Frameworks */,
			);
			runOnlyForDeploymentPostprocessing = 0;
		};
/* End PBXFrameworksBuildPhase section */

/* Begin PBXGroup section */
		4FBB70C9809F0F56AD44BFA3 /* Pods */ = {
			isa = PBXGroup;
			children = (
				B1BFB29695C85C9804CA1437 /* Pods-exercise.debug.xcconfig */,
				8B6D45B3852DF049A6435590 /* Pods-exercise.release.xcconfig */,
			);
			name = Pods;
			path = Pods;
			sourceTree = "<group>";
		};
		814229C12639BD770032C4AA = {
			isa = PBXGroup;
			children = (
				814229CC2639BD770032C4AA /* exercise */,
				814229CB2639BD770032C4AA /* Products */,
				4FBB70C9809F0F56AD44BFA3 /* Pods */,
				D7737FCB57C655B300998DB2 /* Frameworks */,
			);
			sourceTree = "<group>";
		};
		814229CB2639BD770032C4AA /* Products */ = {
			isa = PBXGroup;
			children = (
				814229CA2639BD770032C4AA /* exercise.app */,
			);
			name = Products;
			sourceTree = "<group>";
		};
		814229CC2639BD770032C4AA /* exercise */ = {
			isa = PBXGroup;
			children = (
				814229E42639BDBB0032C4AA /* Home */,
				814229CD2639BD770032C4AA /* AppDelegate.swift */,
				814229CF2639BD770032C4AA /* SceneDelegate.swift */,
				814229D62639BD770032C4AA /* Assets.xcassets */,
				814229D82639BD770032C4AA /* LaunchScreen.storyboard */,
				814229DB2639BD770032C4AA /* Info.plist */,
			);
			path = exercise;
			sourceTree = "<group>";
		};
		814229E42639BDBB0032C4AA /* Home */ = {
			isa = PBXGroup;
			children = (
				814229E52639BDDC0032C4AA /* HomeViewController.swift */,
				814229E62639BDDC0032C4AA /* HomeViewController.xib */,
			);
			path = Home;
			sourceTree = "<group>";
		};
		D7737FCB57C655B300998DB2 /* Frameworks */ = {
			isa = PBXGroup;
			children = (
				0DBBE1531593FFC041372F2B /* libPods-exercise.a */,
			);
			name = Frameworks;
			sourceTree = "<group>";
		};
/* End PBXGroup section */

/* Begin PBXNativeTarget section */
		814229C92639BD770032C4AA /* exercise */ = {
			isa = PBXNativeTarget;
			buildConfigurationList = 814229DE2639BD770032C4AA /* Build configuration list for PBXNativeTarget "exercise" */;
			buildPhases = (
				5C4F248CD1433AA1DB7A4AC5 /* [CP] Check Pods Manifest.lock */,
				814229C62639BD770032C4AA /* Sources */,
				814229C72639BD770032C4AA /* Frameworks */,
				814229C82639BD770032C4AA /* Resources */,
				86CC73F197456A9F805DE136 /* [CP] Copy Pods Resources */,
			);
			buildRules = (
			);
			dependencies = (
			);
			name = exercise;
			productName = exercise;
			productReference = 814229CA2639BD770032C4AA /* exercise.app */;
			productType = "com.apple.product-type.application";
		};
/* End PBXNativeTarget section */

/* Begin PBXProject section */
		814229C22639BD770032C4AA /* Project object */ = {
			isa = PBXProject;
			attributes = {
				LastSwiftUpdateCheck = 1240;
				LastUpgradeCheck = 1240;
				TargetAttributes = {
					814229C92639BD770032C4AA = {
						CreatedOnToolsVersion = 12.4;
					};
				};
			};
			buildConfigurationList = 814229C52639BD770032C4AA /* Build configuration list for PBXProject "exercise" */;
			compatibilityVersion = "Xcode 9.3";
			developmentRegion = en;
			hasScannedForEncodings = 0;
			knownRegions = (
				en,
				Base,
			);
			mainGroup = 814229C12639BD770032C4AA;
			productRefGroup = 814229CB2639BD770032C4AA /* Products */;
			projectDirPath = "";
			projectRoot = "";
			targets = (
				814229C92639BD770032C4AA /* exercise */,
			);
		};
/* End PBXProject section */

/* Begin PBXResourcesBuildPhase section */
		814229C82639BD770032C4AA /* Resources */ = {
			isa = PBXResourcesBuildPhase;
			buildActionMask = 2147483647;
			files = (
				814229DA2639BD770032C4AA /* LaunchScreen.storyboard in Resources */,
				814229D72639BD770032C4AA /* Assets.xcassets in Resources */,
				814229E82639BDDC0032C4AA /* HomeViewController.xib in Resources */,
			);
			runOnlyForDeploymentPostprocessing = 0;
		};
/* End PBXResourcesBuildPhase section */

/* Begin PBXShellScriptBuildPhase section */
		5C4F248CD1433AA1DB7A4AC5 /* [CP] Check Pods Manifest.lock */ = {
			isa = PBXShellScriptBuildPhase;
			buildActionMask = 2147483647;
			files = (
			);
			inputFileListPaths = (
			);
			inputPaths = (
				"${PODS_PODFILE_DIR_PATH}/Podfile.lock",
				"${PODS_ROOT}/Manifest.lock",
			);
			name = "[CP] Check Pods Manifest.lock";
			outputFileListPaths = (
			);
			outputPaths = (
				"$(DERIVED_FILE_DIR)/Pods-exercise-checkManifestLockResult.txt",
			);
			runOnlyForDeploymentPostprocessing = 0;
			shellPath = /bin/sh;
			shellScript = "diff \"${PODS_PODFILE_DIR_PATH}/Podfile.lock\" \"${PODS_ROOT}/Manifest.lock\" > /dev/null\nif [ $? != 0 ] ; then\n    # print error to STDERR\n    echo \"error: The sandbox is not in sync with the Podfile.lock. Run 'pod install' or update your CocoaPods installation.\" >&2\n    exit 1\nfi\n# This output is used by Xcode 'outputs' to avoid re-running this script phase.\necho \"SUCCESS\" > \"${SCRIPT_OUTPUT_FILE_0}\"\n";
			showEnvVarsInLog = 0;
		};
		86CC73F197456A9F805DE136 /* [CP] Copy Pods Resources */ = {
			isa = PBXShellScriptBuildPhase;
			buildActionMask = 2147483647;
			files = (
			);
			inputFileListPaths = (
				"${PODS_ROOT}/Target Support Files/Pods-exercise/Pods-exercise-resources-${CONFIGURATION}-input-files.xcfilelist",
			);
			name = "[CP] Copy Pods Resources";
			outputFileListPaths = (
				"${PODS_ROOT}/Target Support Files/Pods-exercise/Pods-exercise-resources-${CONFIGURATION}-output-files.xcfilelist",
			);
			runOnlyForDeploymentPostprocessing = 0;
			shellPath = /bin/sh;
			shellScript = "\"${PODS_ROOT}/Target Support Files/Pods-exercise/Pods-exercise-resources.sh\"\n";
			showEnvVarsInLog = 0;
		};
/* End PBXShellScriptBuildPhase section */

/* Begin PBXSourcesBuildPhase section */
		814229C62639BD770032C4AA /* Sources */ = {
			isa = PBXSourcesBuildPhase;
			buildActionMask = 2147483647;
			files = (
				814229CE2639BD770032C4AA /* AppDelegate.swift in Sources */,
				814229D02639BD770032C4AA /* SceneDelegate.swift in Sources */,
				814229E72639BDDC0032C4AA /* HomeViewController.swift in Sources */,
			);
			runOnlyForDeploymentPostprocessing = 0;
		};
/* End PBXSourcesBuildPhase section */

/* Begin PBXVariantGroup section */
		814229D82639BD770032C4AA /* LaunchScreen.storyboard */ = {
			isa = PBXVariantGroup;
			children = (
				814229D92639BD770032C4AA /* Base */,
			);
			name = LaunchScreen.storyboard;
			sourceTree = "<group>";
		};
/* End PBXVariantGroup section */

/* Begin XCBuildConfiguration section */
		814229DC2639BD770032C4AA /* Debug */ = {
			isa = XCBuildConfiguration;
			buildSettings = {
				ALWAYS_SEARCH_USER_PATHS = NO;
				CLANG_ANALYZER_NONNULL = YES;
				CLANG_ANALYZER_NUMBER_OBJECT_CONVERSION = YES_AGGRESSIVE;
				CLANG_CXX_LANGUAGE_STANDARD = "gnu++14";
				CLANG_CXX_LIBRARY = "libc++";
				CLANG_ENABLE_MODULES = YES;
				CLANG_ENABLE_OBJC_ARC = YES;
				CLANG_ENABLE_OBJC_WEAK = YES;
				CLANG_WARN_BLOCK_CAPTURE_AUTORELEASING = YES;
				CLANG_WARN_BOOL_CONVERSION = YES;
				CLANG_WARN_COMMA = YES;
				CLANG_WARN_CONSTANT_CONVERSION = YES;
				CLANG_WARN_DEPRECATED_OBJC_IMPLEMENTATIONS = YES;
				CLANG_WARN_DIRECT_OBJC_ISA_USAGE = YES_ERROR;
				CLANG_WARN_DOCUMENTATION_COMMENTS = YES;
				CLANG_WARN_EMPTY_BODY = YES;
				CLANG_WARN_ENUM_CONVERSION = YES;
				CLANG_WARN_INFINITE_RECURSION = YES;
				CLANG_WARN_INT_CONVERSION = YES;
				CLANG_WARN_NON_LITERAL_NULL_CONVERSION = YES;
				CLANG_WARN_OBJC_IMPLICIT_RETAIN_SELF = YES;
				CLANG_WARN_OBJC_LITERAL_CONVERSION = YES;
				CLANG_WARN_OBJC_ROOT_CLASS = YES_ERROR;
				CLANG_WARN_QUOTED_INCLUDE_IN_FRAMEWORK_HEADER = YES;
				CLANG_WARN_RANGE_LOOP_ANALYSIS = YES;
				CLANG_WARN_STRICT_PROTOTYPES = YES;
				CLANG_WARN_SUSPICIOUS_MOVE = YES;
				CLANG_WARN_UNGUARDED_AVAILABILITY = YES_AGGRESSIVE;
				CLANG_WARN_UNREACHABLE_CODE = YES;
				CLANG_WARN__DUPLICATE_METHOD_MATCH = YES;
				COPY_PHASE_STRIP = NO;
				DEBUG_INFORMATION_FORMAT = dwarf;
				ENABLE_STRICT_OBJC_MSGSEND = YES;
				ENABLE_TESTABILITY = YES;
				GCC_C_LANGUAGE_STANDARD = gnu11;
				GCC_DYNAMIC_NO_PIC = NO;
				GCC_NO_COMMON_BLOCKS = YES;
				GCC_OPTIMIZATION_LEVEL = 0;
				GCC_PREPROCESSOR_DEFINITIONS = (
					"DEBUG=1",
					"$(inherited)",
				);
				GCC_WARN_64_TO_32_BIT_CONVERSION = YES;
				GCC_WARN_ABOUT_RETURN_TYPE = YES_ERROR;
				GCC_WARN_UNDECLARED_SELECTOR = YES;
				GCC_WARN_UNINITIALIZED_AUTOS = YES_AGGRESSIVE;
				GCC_WARN_UNUSED_FUNCTION = YES;
				GCC_WARN_UNUSED_VARIABLE = YES;
				IPHONEOS_DEPLOYMENT_TARGET = 14.4;
				MTL_ENABLE_DEBUG_INFO = INCLUDE_SOURCE;
				MTL_FAST_MATH = YES;
				ONLY_ACTIVE_ARCH = YES;
				SDKROOT = iphoneos;
				SWIFT_ACTIVE_COMPILATION_CONDITIONS = DEBUG;
				SWIFT_OPTIMIZATION_LEVEL = "-Onone";
			};
			name = Debug;
		};
		814229DD2639BD770032C4AA /* Release */ = {
			isa = XCBuildConfiguration;
			buildSettings = {
				ALWAYS_SEARCH_USER_PATHS = NO;
				CLANG_ANALYZER_NONNULL = YES;
				CLANG_ANALYZER_NUMBER_OBJECT_CONVERSION = YES_AGGRESSIVE;
				CLANG_CXX_LANGUAGE_STANDARD = "gnu++14";
				CLANG_CXX_LIBRARY = "libc++";
				CLANG_ENABLE_MODULES = YES;
				CLANG_ENABLE_OBJC_ARC = YES;
				CLANG_ENABLE_OBJC_WEAK = YES;
				CLANG_WARN_BLOCK_CAPTURE_AUTORELEASING = YES;
				CLANG_WARN_BOOL_CONVERSION = YES;
				CLANG_WARN_COMMA = YES;
				CLANG_WARN_CONSTANT_CONVERSION = YES;
				CLANG_WARN_DEPRECATED_OBJC_IMPLEMENTATIONS = YES;
				CLANG_WARN_DIRECT_OBJC_ISA_USAGE = YES_ERROR;
				CLANG_WARN_DOCUMENTATION_COMMENTS = YES;
				CLANG_WARN_EMPTY_BODY = YES;
				CLANG_WARN_ENUM_CONVERSION = YES;
				CLANG_WARN_INFINITE_RECURSION = YES;
				CLANG_WARN_INT_CONVERSION = YES;
				CLANG_WARN_NON_LITERAL_NULL_CONVERSION = YES;
				CLANG_WARN_OBJC_IMPLICIT_RETAIN_SELF = YES;
				CLANG_WARN_OBJC_LITERAL_CONVERSION = YES;
				CLANG_WARN_OBJC_ROOT_CLASS = YES_ERROR;
				CLANG_WARN_QUOTED_INCLUDE_IN_FRAMEWORK_HEADER = YES;
				CLANG_WARN_RANGE_LOOP_ANALYSIS = YES;
				CLANG_WARN_STRICT_PROTOTYPES = YES;
				CLANG_WARN_SUSPICIOUS_MOVE = YES;
				CLANG_WARN_UNGUARDED_AVAILABILITY = YES_AGGRESSIVE;
				CLANG_WARN_UNREACHABLE_CODE = YES;
				CLANG_WARN__DUPLICATE_METHOD_MATCH = YES;
				COPY_PHASE_STRIP = NO;
				DEBUG_INFORMATION_FORMAT = "dwarf-with-dsym";
				ENABLE_NS_ASSERTIONS = NO;
				ENABLE_STRICT_OBJC_MSGSEND = YES;
				GCC_C_LANGUAGE_STANDARD = gnu11;
				GCC_NO_COMMON_BLOCKS = YES;
				GCC_WARN_64_TO_32_BIT_CONVERSION = YES;
				GCC_WARN_ABOUT_RETURN_TYPE = YES_ERROR;
				GCC_WARN_UNDECLARED_SELECTOR = YES;
				GCC_WARN_UNINITIALIZED_AUTOS = YES_AGGRESSIVE;
				GCC_WARN_UNUSED_FUNCTION = YES;
				GCC_WARN_UNUSED_VARIABLE = YES;
				IPHONEOS_DEPLOYMENT_TARGET = 14.4;
				MTL_ENABLE_DEBUG_INFO = NO;
				MTL_FAST_MATH = YES;
				SDKROOT = iphoneos;
				SWIFT_COMPILATION_MODE = wholemodule;
				SWIFT_OPTIMIZATION_LEVEL = "-O";
				VALIDATE_PRODUCT = YES;
			};
			name = Release;
		};
		814229DF2639BD770032C4AA /* Debug */ = {
			isa = XCBuildConfiguration;
			baseConfigurationReference = B1BFB29695C85C9804CA1437 /* Pods-exercise.debug.xcconfig */;
			buildSettings = {
				ASSETCATALOG_COMPILER_APPICON_NAME = AppIcon;
				ASSETCATALOG_COMPILER_GLOBAL_ACCENT_COLOR_NAME = AccentColor;
				CODE_SIGN_STYLE = Automatic;
				DEVELOPMENT_TEAM = 5LT23MCW3C;
				INFOPLIST_FILE = exercise/Info.plist;
				LD_RUNPATH_SEARCH_PATHS = (
					"$(inherited)",
					"@executable_path/Frameworks",
				);
				PRODUCT_BUNDLE_IDENTIFIER = com.quannguyen.exercise;
				PRODUCT_NAME = "$(TARGET_NAME)";
				SWIFT_VERSION = 5.0;
				TARGETED_DEVICE_FAMILY = "1,2";
			};
			name = Debug;
		};
		814229E02639BD770032C4AA /* Release */ = {
			isa = XCBuildConfiguration;
			baseConfigurationReference = 8B6D45B3852DF049A6435590 /* Pods-exercise.release.xcconfig */;
			buildSettings = {
				ASSETCATALOG_COMPILER_APPICON_NAME = AppIcon;
				ASSETCATALOG_COMPILER_GLOBAL_ACCENT_COLOR_NAME = AccentColor;
				CODE_SIGN_STYLE = Automatic;
				DEVELOPMENT_TEAM = 5LT23MCW3C;
				INFOPLIST_FILE = exercise/Info.plist;
				LD_RUNPATH_SEARCH_PATHS = (
					"$(inherited)",
					"@executable_path/Frameworks",
				);
				PRODUCT_BUNDLE_IDENTIFIER = com.quannguyen.exercise;
				PRODUCT_NAME = "$(TARGET_NAME)";
				SWIFT_VERSION = 5.0;
				TARGETED_DEVICE_FAMILY = "1,2";
			};
			name = Release;
		};
/* End XCBuildConfiguration section */

/* Begin XCConfigurationList section */
		814229C52639BD770032C4AA /* Build configuration list for PBXProject "exercise" */ = {
			isa = XCConfigurationList;
			buildConfigurations = (
				814229DC2639BD770032C4AA /* Debug */,
				814229DD2639BD770032C4AA /* Release */,
			);
			defaultConfigurationIsVisible = 0;
			defaultConfigurationName = Release;
		};
		814229DE2639BD770032C4AA /* Build configuration list for PBXNativeTarget "exercise" */ = {
			isa = XCConfigurationList;
			buildConfigurations = (
				814229DF2639BD770032C4AA /* Debug */,
				814229E02639BD770032C4AA /* Release */,
			);
			defaultConfigurationIsVisible = 0;
			defaultConfigurationName = Release;
		};
/* End XCConfigurationList section */
	};
	rootObject = 814229C22639BD770032C4AA /* Project object */;
}
